
Microsoft Visual Studio Solution File, Format Version 12.00
# Visual Studio Version 17
VisualStudioVersion = 17.5.33424.131
MinimumVisualStudioVersion = 10.0.40219.1
Project("{FAE04EC0-301F-11D3-BF4B-00C04F79EFBC}") = "CodeWar", "CodeWar\CodeWar.csproj", "{CEBBC171-E829-46EA-9D93-DF2DE9DD40EC}"
EndProject
Global
	GlobalSection(SolutionConfigurationPlatforms) = preSolution
		Debug|Any CPU = Debug|Any CPU
		Release|Any CPU = Release|Any CPU
	EndGlobalSection
	GlobalSection(ProjectConfigurationPlatforms) = postSolution
		{CEBBC171-E829-46EA-9D93-DF2DE9DD40EC}.Debug|Any CPU.ActiveCfg = Debug|Any CPU
		{CEBBC171-E829-46EA-9D93-DF2DE9DD40EC}.Debug|Any CPU.Build.0 = Debug|Any CPU
		{CEBBC171-E829-46EA-9D93-DF2DE9DD40EC}.Release|Any CPU.ActiveCfg = Release|Any CPU
		{CEBBC171-E829-46EA-9D93-DF2DE9DD40EC}.Release|Any CPU.Build.0 = Release|Any CPU
	EndGlobalSection
	GlobalSection(SolutionProperties) = preSolution
		HideSolutionNode = FALSE
	EndGlobalSection
	GlobalSection(ExtensibilityGlobals) = postSolution
		SolutionGuid = {355E58A2-6EF2-4852-9389-7DB5E4A35003}
	EndGlobalSection
EndGlobal
